
Microsoft Visual Studio Solution File, Format Version 12.00
# Visual Studio Version 16
VisualStudioVersion = 16.0.31829.152
MinimumVisualStudioVersion = 10.0.40219.1
Project("{9A19103F-16F7-4668-BE54-9A1E7A4F7556}") = "DevIO.App", "src\DevIO.App\DevIO.App.csproj", "{8B395811-B85A-44B8-9B9A-1C720C542F44}"
EndProject
Project("{9A19103F-16F7-4668-BE54-9A1E7A4F7556}") = "DevIO.Business", "src\DevIOBusiness\DevIO.Business.csproj", "{8C5C830E-7255-4B32-97C2-44F500B0674B}"
EndProject
Project("{9A19103F-16F7-4668-BE54-9A1E7A4F7556}") = "DevIO.Data", "src\DevIO.Data\DevIO.Data.csproj", "{2F36C73C-64BD-4B11-8FC2-92A7C1AAD68B}"
EndProject
Global
	GlobalSection(SolutionConfigurationPlatforms) = preSolution
		Debug|Any CPU = Debug|Any CPU
		Release|Any CPU = Release|Any CPU
	EndGlobalSection
	GlobalSection(ProjectConfigurationPlatforms) = postSolution
		{8B395811-B85A-44B8-9B9A-1C720C542F44}.Debug|Any CPU.ActiveCfg = Debug|Any CPU
		{8B395811-B85A-44B8-9B9A-1C720C542F44}.Debug|Any CPU.Build.0 = Debug|Any CPU
		{8B395811-B85A-44B8-9B9A-1C720C542F44}.Release|Any CPU.ActiveCfg = Release|Any CPU
		{8B395811-B85A-44B8-9B9A-1C720C542F44}.Release|Any CPU.Build.0 = Release|Any CPU
		{8C5C830E-7255-4B32-97C2-44F500B0674B}.Debug|Any CPU.ActiveCfg = Debug|Any CPU
		{8C5C830E-7255-4B32-97C2-44F500B0674B}.Debug|Any CPU.Build.0 = Debug|Any CPU
		{8C5C830E-7255-4B32-97C2-44F500B0674B}.Release|Any CPU.ActiveCfg = Release|Any CPU
		{8C5C830E-7255-4B32-97C2-44F500B0674B}.Release|Any CPU.Build.0 = Release|Any CPU
		{2F36C73C-64BD-4B11-8FC2-92A7C1AAD68B}.Debug|Any CPU.ActiveCfg = Debug|Any CPU
		{2F36C73C-64BD-4B11-8FC2-92A7C1AAD68B}.Debug|Any CPU.Build.0 = Debug|Any CPU
		{2F36C73C-64BD-4B11-8FC2-92A7C1AAD68B}.Release|Any CPU.ActiveCfg = Release|Any CPU
		{2F36C73C-64BD-4B11-8FC2-92A7C1AAD68B}.Release|Any CPU.Build.0 = Release|Any CPU
	EndGlobalSection
	GlobalSection(SolutionProperties) = preSolution
		HideSolutionNode = FALSE
	EndGlobalSection
	GlobalSection(ExtensibilityGlobals) = postSolution
		SolutionGuid = {703BAD8A-8412-4B43-825D-C99702718F33}
	EndGlobalSection
EndGlobal
